
Microsoft Visual Studio Solution File, Format Version 12.00
# Visual Studio Version 17
VisualStudioVersion = 17.7.34031.279
MinimumVisualStudioVersion = 10.0.40219.1
Project("{FAE04EC0-301F-11D3-BF4B-00C04F79EFBC}") = "Week2_Lab_Solutions", "Week2_Lab_Solutions.csproj", "{00C978B2-C788-40F4-85B2-C558A3B568DD}"
EndProject
Global
	GlobalSection(SolutionConfigurationPlatforms) = preSolution
		Debug|Any CPU = Debug|Any CPU
		Release|Any CPU = Release|Any CPU
	EndGlobalSection
	GlobalSection(ProjectConfigurationPlatforms) = postSolution
		{00C978B2-C788-40F4-85B2-C558A3B568DD}.Debug|Any CPU.ActiveCfg = Debug|Any CPU
		{00C978B2-C788-40F4-85B2-C558A3B568DD}.Debug|Any CPU.Build.0 = Debug|Any CPU
		{00C978B2-C788-40F4-85B2-C558A3B568DD}.Release|Any CPU.ActiveCfg = Release|Any CPU
		{00C978B2-C788-40F4-85B2-C558A3B568DD}.Release|Any CPU.Build.0 = Release|Any CPU
	EndGlobalSection
	GlobalSection(SolutionProperties) = preSolution
		HideSolutionNode = FALSE
	EndGlobalSection
	GlobalSection(ExtensibilityGlobals) = postSolution
		SolutionGuid = {0776CA47-B22B-4A70-91FA-180D5EE6E08C}
	EndGlobalSection
EndGlobal
